
Microsoft Visual Studio Solution File, Format Version 12.00
# Visual Studio Version 17
VisualStudioVersion = 17.14.36414.22 d17.14
MinimumVisualStudioVersion = 10.0.40219.1
Project("{8BC9CEB8-8B4A-11D0-8D11-00A0C91BC942}") = "TestGlut", "TestGlut.vcxproj", "{83C876AD-3AD9-4749-9FB8-71F0EF496707}"
EndProject
Global
	GlobalSection(SolutionConfigurationPlatforms) = preSolution
		Debug|x64 = Debug|x64
		Debug|x86 = Debug|x86
		Release|x64 = Release|x64
		Release|x86 = Release|x86
	EndGlobalSection
	GlobalSection(ProjectConfigurationPlatforms) = postSolution
		{83C876AD-3AD9-4749-9FB8-71F0EF496707}.Debug|x64.ActiveCfg = Debug|x64
		{83C876AD-3AD9-4749-9FB8-71F0EF496707}.Debug|x64.Build.0 = Debug|x64
		{83C876AD-3AD9-4749-9FB8-71F0EF496707}.Debug|x86.ActiveCfg = Debug|Win32
		{83C876AD-3AD9-4749-9FB8-71F0EF496707}.Debug|x86.Build.0 = Debug|Win32
		{83C876AD-3AD9-4749-9FB8-71F0EF496707}.Release|x64.ActiveCfg = Release|x64
		{83C876AD-3AD9-4749-9FB8-71F0EF496707}.Release|x64.Build.0 = Release|x64
		{83C876AD-3AD9-4749-9FB8-71F0EF496707}.Release|x86.ActiveCfg = Release|Win32
		{83C876AD-3AD9-4749-9FB8-71F0EF496707}.Release|x86.Build.0 = Release|Win32
	EndGlobalSection
	GlobalSection(SolutionProperties) = preSolution
		HideSolutionNode = FALSE
	EndGlobalSection
	GlobalSection(ExtensibilityGlobals) = postSolution
		SolutionGuid = {816E3B58-CC01-45E7-9F9C-4256EB60E813}
	EndGlobalSection
EndGlobal
